
Microsoft Visual Studio Solution File, Format Version 12.00
# Visual Studio Version 17
VisualStudioVersion = 17.5.33530.505
MinimumVisualStudioVersion = 10.0.40219.1
Project("{9A19103F-16F7-4668-BE54-9A1E7A4F7556}") = "BlazorWebAssembely.Server", "BlazorWebAssembely\Server\BlazorWebAssembely.Server.csproj", "{99435D26-98B0-4E47-84C4-F42A621214E4}"
EndProject
Project("{9A19103F-16F7-4668-BE54-9A1E7A4F7556}") = "BlazorWebAssembely.Client", "BlazorWebAssembely\Client\BlazorWebAssembely.Client.csproj", "{55C0F9EB-EF97-40F4-A241-83804AC01498}"
EndProject
Project("{9A19103F-16F7-4668-BE54-9A1E7A4F7556}") = "BlazorWebAssembely.Shared", "BlazorWebAssembely\Shared\BlazorWebAssembely.Shared.csproj", "{41EC39F3-86A3-4B54-9199-CB29D67790C6}"
EndProject
Global
	GlobalSection(SolutionConfigurationPlatforms) = preSolution
		Debug|Any CPU = Debug|Any CPU
		Release|Any CPU = Release|Any CPU
	EndGlobalSection
	GlobalSection(ProjectConfigurationPlatforms) = postSolution
		{99435D26-98B0-4E47-84C4-F42A621214E4}.Debug|Any CPU.ActiveCfg = Debug|Any CPU
		{99435D26-98B0-4E47-84C4-F42A621214E4}.Debug|Any CPU.Build.0 = Debug|Any CPU
		{99435D26-98B0-4E47-84C4-F42A621214E4}.Release|Any CPU.ActiveCfg = Release|Any CPU
		{99435D26-98B0-4E47-84C4-F42A621214E4}.Release|Any CPU.Build.0 = Release|Any CPU
		{55C0F9EB-EF97-40F4-A241-83804AC01498}.Debug|Any CPU.ActiveCfg = Debug|Any CPU
		{55C0F9EB-EF97-40F4-A241-83804AC01498}.Debug|Any CPU.Build.0 = Debug|Any CPU
		{55C0F9EB-EF97-40F4-A241-83804AC01498}.Release|Any CPU.ActiveCfg = Release|Any CPU
		{55C0F9EB-EF97-40F4-A241-83804AC01498}.Release|Any CPU.Build.0 = Release|Any CPU
		{41EC39F3-86A3-4B54-9199-CB29D67790C6}.Debug|Any CPU.ActiveCfg = Debug|Any CPU
		{41EC39F3-86A3-4B54-9199-CB29D67790C6}.Debug|Any CPU.Build.0 = Debug|Any CPU
		{41EC39F3-86A3-4B54-9199-CB29D67790C6}.Release|Any CPU.ActiveCfg = Release|Any CPU
		{41EC39F3-86A3-4B54-9199-CB29D67790C6}.Release|Any CPU.Build.0 = Release|Any CPU
	EndGlobalSection
	GlobalSection(SolutionProperties) = preSolution
		HideSolutionNode = FALSE
	EndGlobalSection
	GlobalSection(ExtensibilityGlobals) = postSolution
		SolutionGuid = {72EBB86B-3470-4683-87DB-DCE387615C8C}
	EndGlobalSection
EndGlobal
